// !$*UTF8*$!
{
	archiveVersion = 1;
	classes = {
	};
	objectVersion = 50;
	objects = {

/* Begin PBXBuildFile section */
		E117034C22304096002D5499 /* AppDelegate.swift in Sources */ = {isa = PBXBuildFile; fileRef = E117034B22304096002D5499 /* AppDelegate.swift */; };
		E117034E22304096002D5499 /* ViewController.swift in Sources */ = {isa = PBXBuildFile; fileRef = E117034D22304096002D5499 /* ViewController.swift */; };
		E117035122304096002D5499 /* Main.storyboard in Resources */ = {isa = PBXBuildFile; fileRef = E117034F22304096002D5499 /* Main.storyboard */; };
		E1170353223040A6002D5499 /* Assets.xcassets in Resources */ = {isa = PBXBuildFile; fileRef = E1170352223040A6002D5499 /* Assets.xcassets */; };
		E1170356223040A7002D5499 /* LaunchScreen.storyboard in Resources */ = {isa = PBXBuildFile; fileRef = E1170354223040A7002D5499 /* LaunchScreen.storyboard */; };
		E117035B223040AA002D5499 /* Project37 WatchKit App.app in Embed Watch Content */ = {isa = PBXBuildFile; fileRef = E117035A223040AA002D5499 /* Project37 WatchKit App.app */; };
		E1170361223040AA002D5499 /* Interface.storyboard in Resources */ = {isa = PBXBuildFile; fileRef = E117035F223040AA002D5499 /* Interface.storyboard */; };
		E1170363223040AC002D5499 /* Assets.xcassets in Resources */ = {isa = PBXBuildFile; fileRef = E1170362223040AC002D5499 /* Assets.xcassets */; };
		E117036A223040AC002D5499 /* Project37 WatchKit Extension.appex in Embed App Extensions */ = {isa = PBXBuildFile; fileRef = E1170369223040AC002D5499 /* Project37 WatchKit Extension.appex */; settings = {ATTRIBUTES = (RemoveHeadersOnCopy, ); }; };
		E117036F223040AC002D5499 /* InterfaceController.swift in Sources */ = {isa = PBXBuildFile; fileRef = E117036E223040AC002D5499 /* InterfaceController.swift */; };
		E1170371223040AC002D5499 /* ExtensionDelegate.swift in Sources */ = {isa = PBXBuildFile; fileRef = E1170370223040AC002D5499 /* ExtensionDelegate.swift */; };
		E1170373223040AD002D5499 /* Assets.xcassets in Resources */ = {isa = PBXBuildFile; fileRef = E1170372223040AD002D5499 /* Assets.xcassets */; };
		E11703B02230452A002D5499 /* PhantomFromSpace.mp3 in Resources */ = {isa = PBXBuildFile; fileRef = E11703AE2230452A002D5499 /* PhantomFromSpace.mp3 */; };
		E11703B12230452A002D5499 /* README.txt in Resources */ = {isa = PBXBuildFile; fileRef = E11703AF2230452A002D5499 /* README.txt */; };
		E11703B32230CFF0002D5499 /* CardViewController.swift in Sources */ = {isa = PBXBuildFile; fileRef = E11703B22230CFF0002D5499 /* CardViewController.swift */; };
		E167CDE52237214F00D687A5 /* GradientView.swift in Sources */ = {isa = PBXBuildFile; fileRef = E167CDE42237214F00D687A5 /* GradientView.swift */; };
/* End PBXBuildFile section */

/* Begin PBXContainerItemProxy section */
		E117035C223040AA002D5499 /* PBXContainerItemProxy */ = {
			isa = PBXContainerItemProxy;
			containerPortal = E117034022304095002D5499 /* Project object */;
			proxyType = 1;
			remoteGlobalIDString = E1170359223040AA002D5499;
			remoteInfo = "Project37 WatchKit App";
		};
		E117036B223040AC002D5499 /* PBXContainerItemProxy */ = {
			isa = PBXContainerItemProxy;
			containerPortal = E117034022304095002D5499 /* Project object */;
			proxyType = 1;
			remoteGlobalIDString = E1170368223040AC002D5499;
			remoteInfo = "Project37 WatchKit Extension";
		};
/* End PBXContainerItemProxy section */

/* Begin PBXCopyFilesBuildPhase section */
		E117037A223040AD002D5499 /* Embed App Extensions */ = {
			isa = PBXCopyFilesBuildPhase;
			buildActionMask = 2147483647;
			dstPath = "";
			dstSubfolderSpec = 13;
			files = (
				E117036A223040AC002D5499 /* Project37 WatchKit Extension.appex in Embed App Extensions */,
			);
			name = "Embed App Extensions";
			runOnlyForDeploymentPostprocessing = 0;
		};
		E117037E223040AD002D5499 /* Embed Watch Content */ = {
			isa = PBXCopyFilesBuildPhase;
			buildActionMask = 2147483647;
			dstPath = "$(CONTENTS_FOLDER_PATH)/Watch";
			dstSubfolderSpec = 16;
			files = (
				E117035B223040AA002D5499 /* Project37 WatchKit App.app in Embed Watch Content */,
			);
			name = "Embed Watch Content";
			runOnlyForDeploymentPostprocessing = 0;
		};
/* End PBXCopyFilesBuildPhase section */

/* Begin PBXFileReference section */
		E117034822304096002D5499 /* Project37.app */ = {isa = PBXFileReference; explicitFileType = wrapper.application; includeInIndex = 0; path = Project37.app; sourceTree = BUILT_PRODUCTS_DIR; };
		E117034B22304096002D5499 /* AppDelegate.swift */ = {isa = PBXFileReference; lastKnownFileType = sourcecode.swift; path = AppDelegate.swift; sourceTree = "<group>"; };
		E117034D22304096002D5499 /* ViewController.swift */ = {isa = PBXFileReference; lastKnownFileType = sourcecode.swift; path = ViewController.swift; sourceTree = "<group>"; };
		E117035022304096002D5499 /* Base */ = {isa = PBXFileReference; lastKnownFileType = file.storyboard; name = Base; path = Base.lproj/Main.storyboard; sourceTree = "<group>"; };
		E1170352223040A6002D5499 /* Assets.xcassets */ = {isa = PBXFileReference; lastKnownFileType = folder.assetcatalog; path = Assets.xcassets; sourceTree = "<group>"; };
		E1170355223040A7002D5499 /* Base */ = {isa = PBXFileReference; lastKnownFileType = file.storyboard; name = Base; path = Base.lproj/LaunchScreen.storyboard; sourceTree = "<group>"; };
		E1170357223040A7002D5499 /* Info.plist */ = {isa = PBXFileReference; lastKnownFileType = text.plist.xml; path = Info.plist; sourceTree = "<group>"; };
		E117035A223040AA002D5499 /* Project37 WatchKit App.app */ = {isa = PBXFileReference; explicitFileType = wrapper.application; includeInIndex = 0; path = "Project37 WatchKit App.app"; sourceTree = BUILT_PRODUCTS_DIR; };
		E1170360223040AA002D5499 /* Base */ = {isa = PBXFileReference; lastKnownFileType = file.storyboard; name = Base; path = Base.lproj/Interface.storyboard; sourceTree = "<group>"; };
		E1170362223040AC002D5499 /* Assets.xcassets */ = {isa = PBXFileReference; lastKnownFileType = folder.assetcatalog; path = Assets.xcassets; sourceTree = "<group>"; };
		E1170364223040AC002D5499 /* Info.plist */ = {isa = PBXFileReference; lastKnownFileType = text.plist.xml; path = Info.plist; sourceTree = "<group>"; };
		E1170369223040AC002D5499 /* Project37 WatchKit Extension.appex */ = {isa = PBXFileReference; explicitFileType = "wrapper.app-extension"; includeInIndex = 0; path = "Project37 WatchKit Extension.appex"; sourceTree = BUILT_PRODUCTS_DIR; };
		E117036E223040AC002D5499 /* InterfaceController.swift */ = {isa = PBXFileReference; lastKnownFileType = sourcecode.swift; path = InterfaceController.swift; sourceTree = "<group>"; };
		E1170370223040AC002D5499 /* ExtensionDelegate.swift */ = {isa = PBXFileReference; lastKnownFileType = sourcecode.swift; path = ExtensionDelegate.swift; sourceTree = "<group>"; };
		E1170372223040AD002D5499 /* Assets.xcassets */ = {isa = PBXFileReference; lastKnownFileType = folder.assetcatalog; path = Assets.xcassets; sourceTree = "<group>"; };
		E1170374223040AD002D5499 /* Info.plist */ = {isa = PBXFileReference; lastKnownFileType = text.plist.xml; path = Info.plist; sourceTree = "<group>"; };
		E11703AE2230452A002D5499 /* PhantomFromSpace.mp3 */ = {isa = PBXFileReference; lastKnownFileType = audio.mp3; path = PhantomFromSpace.mp3; sourceTree = "<group>"; };
		E11703AF2230452A002D5499 /* README.txt */ = {isa = PBXFileReference; fileEncoding = 4; lastKnownFileType = text; path = README.txt; sourceTree = "<group>"; };
		E11703B22230CFF0002D5499 /* CardViewController.swift */ = {isa = PBXFileReference; lastKnownFileType = sourcecode.swift; path = CardViewController.swift; sourceTree = "<group>"; };
		E167CDE42237214F00D687A5 /* GradientView.swift */ = {isa = PBXFileReference; lastKnownFileType = sourcecode.swift; path = GradientView.swift; sourceTree = "<group>"; };
/* End PBXFileReference section */

/* Begin PBXFrameworksBuildPhase section */
		E117034522304096002D5499 /* Frameworks */ = {
			isa = PBXFrameworksBuildPhase;
			buildActionMask = 2147483647;
			files = (
			);
			runOnlyForDeploymentPostprocessing = 0;
		};
		E1170366223040AC002D5499 /* Frameworks */ = {
			isa = PBXFrameworksBuildPhase;
			buildActionMask = 2147483647;
			files = (
			);
			runOnlyForDeploymentPostprocessing = 0;
		};
/* End PBXFrameworksBuildPhase section */

/* Begin PBXGroup section */
		E117033F22304095002D5499 = {
			isa = PBXGroup;
			children = (
				E117034A22304096002D5499 /* Project37 */,
				E117035E223040AA002D5499 /* Project37 WatchKit App */,
				E117036D223040AC002D5499 /* Project37 WatchKit Extension */,
				E117034922304096002D5499 /* Products */,
			);
			sourceTree = "<group>";
		};
		E117034922304096002D5499 /* Products */ = {
			isa = PBXGroup;
			children = (
				E117034822304096002D5499 /* Project37.app */,
				E117035A223040AA002D5499 /* Project37 WatchKit App.app */,
				E1170369223040AC002D5499 /* Project37 WatchKit Extension.appex */,
			);
			name = Products;
			sourceTree = "<group>";
		};
		E117034A22304096002D5499 /* Project37 */ = {
			isa = PBXGroup;
			children = (
				E11703AD2230452A002D5499 /* Content */,
				E117034B22304096002D5499 /* AppDelegate.swift */,
				E117034D22304096002D5499 /* ViewController.swift */,
				E167CDE42237214F00D687A5 /* GradientView.swift */,
				E117034F22304096002D5499 /* Main.storyboard */,
				E1170352223040A6002D5499 /* Assets.xcassets */,
				E1170354223040A7002D5499 /* LaunchScreen.storyboard */,
				E1170357223040A7002D5499 /* Info.plist */,
				E11703B22230CFF0002D5499 /* CardViewController.swift */,
			);
			path = Project37;
			sourceTree = "<group>";
		};
		E117035E223040AA002D5499 /* Project37 WatchKit App */ = {
			isa = PBXGroup;
			children = (
				E117035F223040AA002D5499 /* Interface.storyboard */,
				E1170362223040AC002D5499 /* Assets.xcassets */,
				E1170364223040AC002D5499 /* Info.plist */,
			);
			path = "Project37 WatchKit App";
			sourceTree = "<group>";
		};
		E117036D223040AC002D5499 /* Project37 WatchKit Extension */ = {
			isa = PBXGroup;
			children = (
				E117036E223040AC002D5499 /* InterfaceController.swift */,
				E1170370223040AC002D5499 /* ExtensionDelegate.swift */,
				E1170372223040AD002D5499 /* Assets.xcassets */,
				E1170374223040AD002D5499 /* Info.plist */,
			);
			path = "Project37 WatchKit Extension";
			sourceTree = "<group>";
		};
		E11703AD2230452A002D5499 /* Content */ = {
			isa = PBXGroup;
			children = (
				E11703AE2230452A002D5499 /* PhantomFromSpace.mp3 */,
				E11703AF2230452A002D5499 /* README.txt */,
			);
			path = Content;
			sourceTree = "<group>";
		};
/* End PBXGroup section */

/* Begin PBXNativeTarget section */
		E117034722304096002D5499 /* Project37 */ = {
			isa = PBXNativeTarget;
			buildConfigurationList = E117037F223040AD002D5499 /* Build configuration list for PBXNativeTarget "Project37" */;
			buildPhases = (
				E117034422304096002D5499 /* Sources */,
				E117034522304096002D5499 /* Frameworks */,
				E117034622304096002D5499 /* Resources */,
				E117037E223040AD002D5499 /* Embed Watch Content */,
			);
			buildRules = (
			);
			dependencies = (
				E117035D223040AA002D5499 /* PBXTargetDependency */,
			);
			name = Project37;
			productName = Project37;
			productReference = E117034822304096002D5499 /* Project37.app */;
			productType = "com.apple.product-type.application";
		};
		E1170359223040AA002D5499 /* Project37 WatchKit App */ = {
			isa = PBXNativeTarget;
			buildConfigurationList = E117037B223040AD002D5499 /* Build configuration list for PBXNativeTarget "Project37 WatchKit App" */;
			buildPhases = (
				E1170358223040AA002D5499 /* Resources */,
				E117037A223040AD002D5499 /* Embed App Extensions */,
			);
			buildRules = (
			);
			dependencies = (
				E117036C223040AC002D5499 /* PBXTargetDependency */,
			);
			name = "Project37 WatchKit App";
			productName = "Project37 WatchKit App";
			productReference = E117035A223040AA002D5499 /* Project37 WatchKit App.app */;
			productType = "com.apple.product-type.application.watchapp2";
		};
		E1170368223040AC002D5499 /* Project37 WatchKit Extension */ = {
			isa = PBXNativeTarget;
			buildConfigurationList = E1170377223040AD002D5499 /* Build configuration list for PBXNativeTarget "Project37 WatchKit Extension" */;
			buildPhases = (
				E1170365223040AC002D5499 /* Sources */,
				E1170366223040AC002D5499 /* Frameworks */,
				E1170367223040AC002D5499 /* Resources */,
			);
			buildRules = (
			);
			dependencies = (
			);
			name = "Project37 WatchKit Extension";
			productName = "Project37 WatchKit Extension";
			productReference = E1170369223040AC002D5499 /* Project37 WatchKit Extension.appex */;
			productType = "com.apple.product-type.watchkit2-extension";
		};
/* End PBXNativeTarget section */

/* Begin PBXProject section */
		E117034022304095002D5499 /* Project object */ = {
			isa = PBXProject;
			attributes = {
				LastSwiftUpdateCheck = 1010;
				LastUpgradeCheck = 1010;
				ORGANIZATIONNAME = Mejia;
				TargetAttributes = {
					E117034722304096002D5499 = {
						CreatedOnToolsVersion = 10.1;
					};
					E1170359223040AA002D5499 = {
						CreatedOnToolsVersion = 10.1;
					};
					E1170368223040AC002D5499 = {
						CreatedOnToolsVersion = 10.1;
					};
				};
			};
			buildConfigurationList = E117034322304095002D5499 /* Build configuration list for PBXProject "Project37" */;
			compatibilityVersion = "Xcode 9.3";
			developmentRegion = en;
			hasScannedForEncodings = 0;
			knownRegions = (
				en,
				Base,
			);
			mainGroup = E117033F22304095002D5499;
			productRefGroup = E117034922304096002D5499 /* Products */;
			projectDirPath = "";
			projectRoot = "";
			targets = (
				E117034722304096002D5499 /* Project37 */,
				E1170359223040AA002D5499 /* Project37 WatchKit App */,
				E1170368223040AC002D5499 /* Project37 WatchKit Extension */,
			);
		};
/* End PBXProject section */

/* Begin PBXResourcesBuildPhase section */
		E117034622304096002D5499 /* Resources */ = {
			isa = PBXResourcesBuildPhase;
			buildActionMask = 2147483647;
			files = (
				E1170356223040A7002D5499 /* LaunchScreen.storyboard in Resources */,
				E11703B02230452A002D5499 /* PhantomFromSpace.mp3 in Resources */,
				E1170353223040A6002D5499 /* Assets.xcassets in Resources */,
				E117035122304096002D5499 /* Main.storyboard in Resources */,
				E11703B12230452A002D5499 /* README.txt in Resources */,
			);
			runOnlyForDeploymentPostprocessing = 0;
		};
		E1170358223040AA002D5499 /* Resources */ = {
			isa = PBXResourcesBuildPhase;
			buildActionMask = 2147483647;
			files = (
				E1170363223040AC002D5499 /* Assets.xcassets in Resources */,
				E1170361223040AA002D5499 /* Interface.storyboard in Resources */,
			);
			runOnlyForDeploymentPostprocessing = 0;
		};
		E1170367223040AC002D5499 /* Resources */ = {
			isa = PBXResourcesBuildPhase;
			buildActionMask = 2147483647;
			files = (
				E1170373223040AD002D5499 /* Assets.xcassets in Resources */,
			);
			runOnlyForDeploymentPostprocessing = 0;
		};
/* End PBXResourcesBuildPhase section */

/* Begin PBXSourcesBuildPhase section */
		E117034422304096002D5499 /* Sources */ = {
			isa = PBXSourcesBuildPhase;
			buildActionMask = 2147483647;
			files = (
				E117034E22304096002D5499 /* ViewController.swift in Sources */,
				E117034C22304096002D5499 /* AppDelegate.swift in Sources */,
				E167CDE52237214F00D687A5 /* GradientView.swift in Sources */,
				E11703B32230CFF0002D5499 /* CardViewController.swift in Sources */,
			);
			runOnlyForDeploymentPostprocessing = 0;
		};
		E1170365223040AC002D5499 /* Sources */ = {
			isa = PBXSourcesBuildPhase;
			buildActionMask = 2147483647;
			files = (
				E1170371223040AC002D5499 /* ExtensionDelegate.swift in Sources */,
				E117036F223040AC002D5499 /* InterfaceController.swift in Sources */,
			);
			runOnlyForDeploymentPostprocessing = 0;
		};
/* End PBXSourcesBuildPhase section */

/* Begin PBXTargetDependency section */
		E117035D223040AA002D5499 /* PBXTargetDependency */ = {
			isa = PBXTargetDependency;
			target = E1170359223040AA002D5499 /* Project37 WatchKit App */;
			targetProxy = E117035C223040AA002D5499 /* PBXContainerItemProxy */;
		};
		E117036C223040AC002D5499 /* PBXTargetDependency */ = {
			isa = PBXTargetDependency;
			target = E1170368223040AC002D5499 /* Project37 WatchKit Extension */;
			targetProxy = E117036B223040AC002D5499 /* PBXContainerItemProxy */;
		};
/* End PBXTargetDependency section */

/* Begin PBXVariantGroup section */
		E117034F22304096002D5499 /* Main.storyboard */ = {
			isa = PBXVariantGroup;
			children = (
				E117035022304096002D5499 /* Base */,
			);
			name = Main.storyboard;
			sourceTree = "<group>";
		};
		E1170354223040A7002D5499 /* LaunchScreen.storyboard */ = {
			isa = PBXVariantGroup;
			children = (
				E1170355223040A7002D5499 /* Base */,
			);
			name = LaunchScreen.storyboard;
			sourceTree = "<group>";
		};
		E117035F223040AA002D5499 /* Interface.storyboard */ = {
			isa = PBXVariantGroup;
			children = (
				E1170360223040AA002D5499 /* Base */,
			);
			name = Interface.storyboard;
			sourceTree = "<group>";
		};
/* End PBXVariantGroup section */

/* Begin XCBuildConfiguration section */
		E1170375223040AD002D5499 /* Debug */ = {
			isa = XCBuildConfiguration;
			buildSettings = {
				ALWAYS_SEARCH_USER_PATHS = NO;
				CLANG_ANALYZER_NONNULL = YES;
				CLANG_ANALYZER_NUMBER_OBJECT_CONVERSION = YES_AGGRESSIVE;
				CLANG_CXX_LANGUAGE_STANDARD = "gnu++14";
				CLANG_CXX_LIBRARY = "libc++";
				CLANG_ENABLE_MODULES = YES;
				CLANG_ENABLE_OBJC_ARC = YES;
				CLANG_ENABLE_OBJC_WEAK = YES;
				CLANG_WARN_BLOCK_CAPTURE_AUTORELEASING = YES;
				CLANG_WARN_BOOL_CONVERSION = YES;
				CLANG_WARN_COMMA = YES;
				CLANG_WARN_CONSTANT_CONVERSION = YES;
				CLANG_WARN_DEPRECATED_OBJC_IMPLEMENTATIONS = YES;
				CLANG_WARN_DIRECT_OBJC_ISA_USAGE = YES_ERROR;
				CLANG_WARN_DOCUMENTATION_COMMENTS = YES;
				CLANG_WARN_EMPTY_BODY = YES;
				CLANG_WARN_ENUM_CONVERSION = YES;
				CLANG_WARN_INFINITE_RECURSION = YES;
				CLANG_WARN_INT_CONVERSION = YES;
				CLANG_WARN_NON_LITERAL_NULL_CONVERSION = YES;
				CLANG_WARN_OBJC_IMPLICIT_RETAIN_SELF = YES;
				CLANG_WARN_OBJC_LITERAL_CONVERSION = YES;
				CLANG_WARN_OBJC_ROOT_CLASS = YES_ERROR;
				CLANG_WARN_RANGE_LOOP_ANALYSIS = YES;
				CLANG_WARN_STRICT_PROTOTYPES = YES;
				CLANG_WARN_SUSPICIOUS_MOVE = YES;
				CLANG_WARN_UNGUARDED_AVAILABILITY = YES_AGGRESSIVE;
				CLANG_WARN_UNREACHABLE_CODE = YES;
				CLANG_WARN__DUPLICATE_METHOD_MATCH = YES;
				CODE_SIGN_IDENTITY = "iPhone Developer";
				COPY_PHASE_STRIP = NO;
				DEBUG_INFORMATION_FORMAT = dwarf;
				ENABLE_STRICT_OBJC_MSGSEND = YES;
				ENABLE_TESTABILITY = YES;
				GCC_C_LANGUAGE_STANDARD = gnu11;
				GCC_DYNAMIC_NO_PIC = NO;
				GCC_NO_COMMON_BLOCKS = YES;
				GCC_OPTIMIZATION_LEVEL = 0;
				GCC_PREPROCESSOR_DEFINITIONS = (
					"DEBUG=1",
					"$(inherited)",
				);
				GCC_WARN_64_TO_32_BIT_CONVERSION = YES;
				GCC_WARN_ABOUT_RETURN_TYPE = YES_ERROR;
				GCC_WARN_UNDECLARED_SELECTOR = YES;
				GCC_WARN_UNINITIALIZED_AUTOS = YES_AGGRESSIVE;
				GCC_WARN_UNUSED_FUNCTION = YES;
				GCC_WARN_UNUSED_VARIABLE = YES;
				IPHONEOS_DEPLOYMENT_TARGET = 12.1;
				MTL_ENABLE_DEBUG_INFO = INCLUDE_SOURCE;
				MTL_FAST_MATH = YES;
				ONLY_ACTIVE_ARCH = YES;
				SDKROOT = iphoneos;
				SWIFT_ACTIVE_COMPILATION_CONDITIONS = DEBUG;
				SWIFT_OPTIMIZATION_LEVEL = "-Onone";
			};
			name = Debug;
		};
		E1170376223040AD002D5499 /* Release */ = {
			isa = XCBuildConfiguration;
			buildSettings = {
				ALWAYS_SEARCH_USER_PATHS = NO;
				CLANG_ANALYZER_NONNULL = YES;
				CLANG_ANALYZER_NUMBER_OBJECT_CONVERSION = YES_AGGRESSIVE;
				CLANG_CXX_LANGUAGE_STANDARD = "gnu++14";
				CLANG_CXX_LIBRARY = "libc++";
				CLANG_ENABLE_MODULES = YES;
				CLANG_ENABLE_OBJC_ARC = YES;
				CLANG_ENABLE_OBJC_WEAK = YES;
				CLANG_WARN_BLOCK_CAPTURE_AUTORELEASING = YES;
				CLANG_WARN_BOOL_CONVERSION = YES;
				CLANG_WARN_COMMA = YES;
				CLANG_WARN_CONSTANT_CONVERSION = YES;
				CLANG_WARN_DEPRECATED_OBJC_IMPLEMENTATIONS = YES;
				CLANG_WARN_DIRECT_OBJC_ISA_USAGE = YES_ERROR;
				CLANG_WARN_DOCUMENTATION_COMMENTS = YES;
				CLANG_WARN_EMPTY_BODY = YES;
				CLANG_WARN_ENUM_CONVERSION = YES;
				CLANG_WARN_INFINITE_RECURSION = YES;
				CLANG_WARN_INT_CONVERSION = YES;
				CLANG_WARN_NON_LITERAL_NULL_CONVERSION = YES;
				CLANG_WARN_OBJC_IMPLICIT_RETAIN_SELF = YES;
				CLANG_WARN_OBJC_LITERAL_CONVERSION = YES;
				CLANG_WARN_OBJC_ROOT_CLASS = YES_ERROR;
				CLANG_WARN_RANGE_LOOP_ANALYSIS = YES;
				CLANG_WARN_STRICT_PROTOTYPES = YES;
				CLANG_WARN_SUSPICIOUS_MOVE = YES;
				CLANG_WARN_UNGUARDED_AVAILABILITY = YES_AGGRESSIVE;
				CLANG_WARN_UNREACHABLE_CODE = YES;
				CLANG_WARN__DUPLICATE_METHOD_MATCH = YES;
				CODE_SIGN_IDENTITY = "iPhone Developer";
				COPY_PHASE_STRIP = NO;
				DEBUG_INFORMATION_FORMAT = "dwarf-with-dsym";
				ENABLE_NS_ASSERTIONS = NO;
				ENABLE_STRICT_OBJC_MSGSEND = YES;
				GCC_C_LANGUAGE_STANDARD = gnu11;
				GCC_NO_COMMON_BLOCKS = YES;
				GCC_WARN_64_TO_32_BIT_CONVERSION = YES;
				GCC_WARN_ABOUT_RETURN_TYPE = YES_ERROR;
				GCC_WARN_UNDECLARED_SELECTOR = YES;
				GCC_WARN_UNINITIALIZED_AUTOS = YES_AGGRESSIVE;
				GCC_WARN_UNUSED_FUNCTION = YES;
				GCC_WARN_UNUSED_VARIABLE = YES;
				IPHONEOS_DEPLOYMENT_TARGET = 12.1;
				MTL_ENABLE_DEBUG_INFO = NO;
				MTL_FAST_MATH = YES;
				SDKROOT = iphoneos;
				SWIFT_COMPILATION_MODE = wholemodule;
				SWIFT_OPTIMIZATION_LEVEL = "-O";
				VALIDATE_PRODUCT = YES;
			};
			name = Release;
		};
		E1170378223040AD002D5499 /* Debug */ = {
			isa = XCBuildConfiguration;
			buildSettings = {
				ASSETCATALOG_COMPILER_COMPLICATION_NAME = Complication;
				CODE_SIGN_STYLE = Automatic;
				DEVELOPMENT_TEAM = 95W5RG93E4;
				INFOPLIST_FILE = "Project37 WatchKit Extension/Info.plist";
				LD_RUNPATH_SEARCH_PATHS = (
					"$(inherited)",
					"@executable_path/Frameworks",
					"@executable_path/../../Frameworks",
				);
				PRODUCT_BUNDLE_IDENTIFIER = com.mejia.Project37.watchkitapp.watchkitextension;
				PRODUCT_NAME = "${TARGET_NAME}";
				SDKROOT = watchos;
				SKIP_INSTALL = YES;
				SWIFT_VERSION = 4.2;
				TARGETED_DEVICE_FAMILY = 4;
				WATCHOS_DEPLOYMENT_TARGET = 5.1;
			};
			name = Debug;
		};
		E1170379223040AD002D5499 /* Release */ = {
			isa = XCBuildConfiguration;
			buildSettings = {
				ASSETCATALOG_COMPILER_COMPLICATION_NAME = Complication;
				CODE_SIGN_STYLE = Automatic;
				DEVELOPMENT_TEAM = 95W5RG93E4;
				INFOPLIST_FILE = "Project37 WatchKit Extension/Info.plist";
				LD_RUNPATH_SEARCH_PATHS = (
					"$(inherited)",
					"@executable_path/Frameworks",
					"@executable_path/../../Frameworks",
				);
				PRODUCT_BUNDLE_IDENTIFIER = com.mejia.Project37.watchkitapp.watchkitextension;
				PRODUCT_NAME = "${TARGET_NAME}";
				SDKROOT = watchos;
				SKIP_INSTALL = YES;
				SWIFT_VERSION = 4.2;
				TARGETED_DEVICE_FAMILY = 4;
				WATCHOS_DEPLOYMENT_TARGET = 5.1;
			};
			name = Release;
		};
		E117037C223040AD002D5499 /* Debug */ = {
			isa = XCBuildConfiguration;
			buildSettings = {
				ALWAYS_EMBED_SWIFT_STANDARD_LIBRARIES = YES;
				ASSETCATALOG_COMPILER_APPICON_NAME = AppIcon;
				CODE_SIGN_STYLE = Automatic;
				DEVELOPMENT_TEAM = 95W5RG93E4;
				IBSC_MODULE = Project37_WatchKit_Extension;
				INFOPLIST_FILE = "Project37 WatchKit App/Info.plist";
				PRODUCT_BUNDLE_IDENTIFIER = com.mejia.Project37.watchkitapp;
				PRODUCT_NAME = "$(TARGET_NAME)";
				SDKROOT = watchos;
				SKIP_INSTALL = YES;
				SWIFT_VERSION = 4.2;
				TARGETED_DEVICE_FAMILY = 4;
				WATCHOS_DEPLOYMENT_TARGET = 4.3;
			};
			name = Debug;
		};
		E117037D223040AD002D5499 /* Release */ = {
			isa = XCBuildConfiguration;
			buildSettings = {
				ALWAYS_EMBED_SWIFT_STANDARD_LIBRARIES = YES;
				ASSETCATALOG_COMPILER_APPICON_NAME = AppIcon;
				CODE_SIGN_STYLE = Automatic;
				DEVELOPMENT_TEAM = 95W5RG93E4;
				IBSC_MODULE = Project37_WatchKit_Extension;
				INFOPLIST_FILE = "Project37 WatchKit App/Info.plist";
				PRODUCT_BUNDLE_IDENTIFIER = com.mejia.Project37.watchkitapp;
				PRODUCT_NAME = "$(TARGET_NAME)";
				SDKROOT = watchos;
				SKIP_INSTALL = YES;
				SWIFT_VERSION = 4.2;
				TARGETED_DEVICE_FAMILY = 4;
				WATCHOS_DEPLOYMENT_TARGET = 4.3;
			};
			name = Release;
		};
		E1170380223040AD002D5499 /* Debug */ = {
			isa = XCBuildConfiguration;
			buildSettings = {
				ASSETCATALOG_COMPILER_APPICON_NAME = AppIcon;
				CODE_SIGN_STYLE = Automatic;
				DEVELOPMENT_TEAM = 95W5RG93E4;
				INFOPLIST_FILE = Project37/Info.plist;
				LD_RUNPATH_SEARCH_PATHS = (
					"$(inherited)",
					"@executable_path/Frameworks",
				);
				PRODUCT_BUNDLE_IDENTIFIER = com.mejia.Project37;
				PRODUCT_NAME = "$(TARGET_NAME)";
				SWIFT_VERSION = 4.2;
				TARGETED_DEVICE_FAMILY = "1,2";
			};
			name = Debug;
		};
		E1170381223040AD002D5499 /* Release */ = {
			isa = XCBuildConfiguration;
			buildSettings = {
				ASSETCATALOG_COMPILER_APPICON_NAME = AppIcon;
				CODE_SIGN_STYLE = Automatic;
				DEVELOPMENT_TEAM = 95W5RG93E4;
				INFOPLIST_FILE = Project37/Info.plist;
				LD_RUNPATH_SEARCH_PATHS = (
					"$(inherited)",
					"@executable_path/Frameworks",
				);
				PRODUCT_BUNDLE_IDENTIFIER = com.mejia.Project37;
				PRODUCT_NAME = "$(TARGET_NAME)";
				SWIFT_VERSION = 4.2;
				TARGETED_DEVICE_FAMILY = "1,2";
			};
			name = Release;
		};
/* End XCBuildConfiguration section */

/* Begin XCConfigurationList section */
		E117034322304095002D5499 /* Build configuration list for PBXProject "Project37" */ = {
			isa = XCConfigurationList;
			buildConfigurations = (
				E1170375223040AD002D5499 /* Debug */,
				E1170376223040AD002D5499 /* Release */,
			);
			defaultConfigurationIsVisible = 0;
			defaultConfigurationName = Release;
		};
		E1170377223040AD002D5499 /* Build configuration list for PBXNativeTarget "Project37 WatchKit Extension" */ = {
			isa = XCConfigurationList;
			buildConfigurations = (
				E1170378223040AD002D5499 /* Debug */,
				E1170379223040AD002D5499 /* Release */,
			);
			defaultConfigurationIsVisible = 0;
			defaultConfigurationName = Release;
		};
		E117037B223040AD002D5499 /* Build configuration list for PBXNativeTarget "Project37 WatchKit App" */ = {
			isa = XCConfigurationList;
			buildConfigurations = (
				E117037C223040AD002D5499 /* Debug */,
				E117037D223040AD002D5499 /* Release */,
			);
			defaultConfigurationIsVisible = 0;
			defaultConfigurationName = Release;
		};
		E117037F223040AD002D5499 /* Build configuration list for PBXNativeTarget "Project37" */ = {
			isa = XCConfigurationList;
			buildConfigurations = (
				E1170380223040AD002D5499 /* Debug */,
				E1170381223040AD002D5499 /* Release */,
			);
			defaultConfigurationIsVisible = 0;
			defaultConfigurationName = Release;
		};
/* End XCConfigurationList section */
	};
	rootObject = E117034022304095002D5499 /* Project object */;
}
